
Microsoft Visual Studio Solution File, Format Version 12.00
# Visual Studio Version 17
VisualStudioVersion = 17.0.31903.59
MinimumVisualStudioVersion = 10.0.40219.1
Project("{9A19103F-16F7-4668-BE54-9A1E7A4F7556}") = "SamDinner.Api", "SamDinner.Api\SamDinner.Api.csproj", "{15A515B0-660A-4BD5-8089-FB2EFAF67078}"
EndProject
Project("{9A19103F-16F7-4668-BE54-9A1E7A4F7556}") = "SamDinner.Application", "SamDinner.Application\SamDinner.Application.csproj", "{7934093C-6680-47C1-BB97-FD8BC779E86B}"
EndProject
Project("{9A19103F-16F7-4668-BE54-9A1E7A4F7556}") = "SamDinner.Contracts", "SamDinner.Contracts\SamDinner.Contracts.csproj", "{64B76E03-9AD9-40AF-8C28-88456FC0C1AB}"
EndProject
Project("{9A19103F-16F7-4668-BE54-9A1E7A4F7556}") = "SamDinner.Domain", "SamDinner.Domain\SamDinner.Domain.csproj", "{FED114FE-43A7-4378-840A-C30385CD5175}"
EndProject
Project("{9A19103F-16F7-4668-BE54-9A1E7A4F7556}") = "SamDinner.Infrastructure", "SamDinner.Infrastructure\SamDinner.Infrastructure.csproj", "{EDA766AE-3D5D-43A0-AB7F-616DB3A3CF83}"
EndProject
Global
	GlobalSection(SolutionConfigurationPlatforms) = preSolution
		Debug|Any CPU = Debug|Any CPU
		Release|Any CPU = Release|Any CPU
	EndGlobalSection
	GlobalSection(ProjectConfigurationPlatforms) = postSolution
		{15A515B0-660A-4BD5-8089-FB2EFAF67078}.Debug|Any CPU.ActiveCfg = Debug|Any CPU
		{15A515B0-660A-4BD5-8089-FB2EFAF67078}.Debug|Any CPU.Build.0 = Debug|Any CPU
		{15A515B0-660A-4BD5-8089-FB2EFAF67078}.Release|Any CPU.ActiveCfg = Release|Any CPU
		{15A515B0-660A-4BD5-8089-FB2EFAF67078}.Release|Any CPU.Build.0 = Release|Any CPU
		{7934093C-6680-47C1-BB97-FD8BC779E86B}.Debug|Any CPU.ActiveCfg = Debug|Any CPU
		{7934093C-6680-47C1-BB97-FD8BC779E86B}.Debug|Any CPU.Build.0 = Debug|Any CPU
		{7934093C-6680-47C1-BB97-FD8BC779E86B}.Release|Any CPU.ActiveCfg = Release|Any CPU
		{7934093C-6680-47C1-BB97-FD8BC779E86B}.Release|Any CPU.Build.0 = Release|Any CPU
		{64B76E03-9AD9-40AF-8C28-88456FC0C1AB}.Debug|Any CPU.ActiveCfg = Debug|Any CPU
		{64B76E03-9AD9-40AF-8C28-88456FC0C1AB}.Debug|Any CPU.Build.0 = Debug|Any CPU
		{64B76E03-9AD9-40AF-8C28-88456FC0C1AB}.Release|Any CPU.ActiveCfg = Release|Any CPU
		{64B76E03-9AD9-40AF-8C28-88456FC0C1AB}.Release|Any CPU.Build.0 = Release|Any CPU
		{FED114FE-43A7-4378-840A-C30385CD5175}.Debug|Any CPU.ActiveCfg = Debug|Any CPU
		{FED114FE-43A7-4378-840A-C30385CD5175}.Debug|Any CPU.Build.0 = Debug|Any CPU
		{FED114FE-43A7-4378-840A-C30385CD5175}.Release|Any CPU.ActiveCfg = Release|Any CPU
		{FED114FE-43A7-4378-840A-C30385CD5175}.Release|Any CPU.Build.0 = Release|Any CPU
		{EDA766AE-3D5D-43A0-AB7F-616DB3A3CF83}.Debug|Any CPU.ActiveCfg = Debug|Any CPU
		{EDA766AE-3D5D-43A0-AB7F-616DB3A3CF83}.Debug|Any CPU.Build.0 = Debug|Any CPU
		{EDA766AE-3D5D-43A0-AB7F-616DB3A3CF83}.Release|Any CPU.ActiveCfg = Release|Any CPU
		{EDA766AE-3D5D-43A0-AB7F-616DB3A3CF83}.Release|Any CPU.Build.0 = Release|Any CPU
	EndGlobalSection
	GlobalSection(SolutionProperties) = preSolution
		HideSolutionNode = FALSE
	EndGlobalSection
EndGlobal
